PODS:
  - FlutterMacOS (1.0.0)
  - keccak (0.1.0):
    - FlutterMacOS

DEPENDENCIES:
  - FlutterMacOS (from `Flutter/ephemeral`)
  - keccak (from `Flutter/ephemeral/.symlinks/plugins/keccak/macos`)

EXTERNAL SOURCES:
  FlutterMacOS:
    :path: Flutter/ephemeral
  keccak:
    :path: Flutter/ephemeral/.symlinks/plugins/keccak/macos

SPEC CHECKSUMS:
  FlutterMacOS: 8f6f14fa908a6fb3fba0cd85dbd81ec4b251fb24
  keccak: 4b3a283f03f114b9e194bda87c9be599c1d87311

PODFILE CHECKSUM: 236401fc2c932af29a9fcf0e97baeeb2d750d367

COCOAPODS: 1.16.2
